
Microsoft Visual Studio Solution File, Format Version 12.00
# Visual Studio Version 16
VisualStudioVersion = 16.0.29424.173
MinimumVisualStudioVersion = 10.0.40219.1
Project("{9A19103F-16F7-4668-BE54-9A1E7A4F7556}") = "YS.Knife.Core", "YS.Knife.Core\YS.Knife.Core.csproj", "{33C4EF10-7246-45A5-854D-2908E31A49A2}"
EndProject
Project("{9A19103F-16F7-4668-BE54-9A1E7A4F7556}") = "YS.Knife.Base", "YS.Knife.Base\YS.Knife.Base.csproj", "{44583D76-9475-4034-8BBE-862AF2F1E57D}"
EndProject
Project("{9A19103F-16F7-4668-BE54-9A1E7A4F7556}") = "YS.Knife.Hosting", "YS.Knife.Hosting\YS.Knife.Hosting.csproj", "{2E0284EA-8479-4BA0-AD21-10D5B42FCB8D}"
EndProject
Project("{9A19103F-16F7-4668-BE54-9A1E7A4F7556}") = "YS.Knife.Hosting.Web", "YS.Knife.Hosting.Web\YS.Knife.Hosting.Web.csproj", "{CD02E952-5949-4201-96B7-B44C4ED57C2C}"
EndProject
Project("{2150E333-8FDC-42A3-9474-1A3956D46DE8}") = "EfCore", "EfCore", "{9B689F5B-DC6A-4911-A8EF-3751505108B3}"
EndProject
Project("{9A19103F-16F7-4668-BE54-9A1E7A4F7556}") = "YS.Knife.EntityFrameworkCore.SqlServer", "YS.Knife.EntityFrameworkCore.SqlServer\YS.Knife.EntityFrameworkCore.SqlServer.csproj", "{78F69D8D-C71B-433A-BF8C-C3B9B3FAF52A}"
EndProject
Project("{9A19103F-16F7-4668-BE54-9A1E7A4F7556}") = "YS.Knife.HostedService", "YS.Knife.HostedService\YS.Knife.HostedService.csproj", "{1B91F7E2-647D-495E-86BD-35D2AE4DE21B}"
EndProject
Project("{2150E333-8FDC-42A3-9474-1A3956D46DE8}") = "Tools", "Tools", "{2B08CED1-DADE-4143-9A52-B68032DA1BEF}"
EndProject
Project("{2150E333-8FDC-42A3-9474-1A3956D46DE8}") = "Tests", "Tests", "{90756FF0-EDD4-441A-906A-32BDFA3F32DA}"
EndProject
Project("{9A19103F-16F7-4668-BE54-9A1E7A4F7556}") = "YS.Knife.EntityFrameworkCore.Sqlite", "YS.Knife.EntityFrameworkCore.Sqlite\YS.Knife.EntityFrameworkCore.Sqlite.csproj", "{0D747A10-74A8-4A2C-9929-4D1C9D55325A}"
EndProject
Project("{9A19103F-16F7-4668-BE54-9A1E7A4F7556}") = "YS.Knife.EntityFrameworkCore.PostgreSql", "YS.Knife.EntityFrameworkCore.PostgreSql\YS.Knife.EntityFrameworkCore.PostgreSql.csproj", "{7E4FC762-DBD6-428D-8540-9ED08A5CE1BA}"
EndProject
Project("{9A19103F-16F7-4668-BE54-9A1E7A4F7556}") = "YS.Knife.EntityFrameworkCore.MySql", "YS.Knife.EntityFrameworkCore.MySql\YS.Knife.EntityFrameworkCore.MySql.csproj", "{4501D6B0-62BF-4B8B-A541-A071E73B7574}"
EndProject
Project("{9A19103F-16F7-4668-BE54-9A1E7A4F7556}") = "YS.Knife.EntityFrameworkCore.Oracle", "YS.Knife.EntityFrameworkCore.Oracle\YS.Knife.EntityFrameworkCore.Oracle.csproj", "{8252C8BA-7D22-491E-86BC-7216B03724C4}"
EndProject
Project("{9A19103F-16F7-4668-BE54-9A1E7A4F7556}") = "YS.Knife.EntityFrameworkCore", "YS.Knife.EntityFrameworkCore\YS.Knife.EntityFrameworkCore.csproj", "{58A9E721-4F6A-4A0C-ADDE-2941FA888625}"
EndProject
Project("{9A19103F-16F7-4668-BE54-9A1E7A4F7556}") = "YS.Knife.Test", "YS.Knife.Test\YS.Knife.Test.csproj", "{43790BA5-FE56-45AF-BE3D-612B7BE14363}"
EndProject
Project("{9A19103F-16F7-4668-BE54-9A1E7A4F7556}") = "YS.Knife.Rest.Client", "YS.Knife.Rest.Client\YS.Knife.Rest.Client.csproj", "{0A29685F-A759-428C-9405-30FDB2191C0E}"
EndProject
Project("{9A19103F-16F7-4668-BE54-9A1E7A4F7556}") = "YS.Knift.Base.UnitTest", "YS.Knift.Base.UnitTest\YS.Knift.Base.UnitTest.csproj", "{3BC2B3BC-021C-4732-B2F8-E2488A9175C5}"
EndProject
Project("{2150E333-8FDC-42A3-9474-1A3956D46DE8}") = "EfCore", "EfCore", "{FEC98756-BF62-4A83-8BA8-3E9400B55521}"
EndProject
Project("{9A19103F-16F7-4668-BE54-9A1E7A4F7556}") = "YS.Knife.EntityFrameworkCore.MySql.UnitTest", "YS.Knife.EntityFrameworkCore.MySql.UnitTest\YS.Knife.EntityFrameworkCore.MySql.UnitTest.csproj", "{8AC55F8C-5897-405D-9816-50CF54028A98}"
EndProject
Project("{9A19103F-16F7-4668-BE54-9A1E7A4F7556}") = "YS.Knife.Rest.Api", "YS.Knife.Rest.Api\YS.Knife.Rest.Api.csproj", "{77A3B43E-6919-432A-BF85-D5CEE8BCAE32}"
EndProject
Project("{9A19103F-16F7-4668-BE54-9A1E7A4F7556}") = "YS.Knife.Api.Client.Generator", "YS.Knife.Api.Client.Generator\YS.Knife.Api.Client.Generator.csproj", "{439BB8E0-D6B6-4EDA-ADFC-17F839A10C53}"
EndProject
Project("{9A19103F-16F7-4668-BE54-9A1E7A4F7556}") = "YS.Knife.Hosting.UnitTest", "YS.Knife.Hosting.UnitTest\YS.Knife.Hosting.UnitTest.csproj", "{2AE3769D-2144-4630-8883-CA0A354D0E6D}"
EndProject
Project("{9A19103F-16F7-4668-BE54-9A1E7A4F7556}") = "YS.Knife.Core.UnitTest", "YS.Knife.Core.UnitTest\YS.Knife.Core.UnitTest.csproj", "{7E54510C-BF54-4108-B860-6FAC398D33D6}"
EndProject
Project("{2150E333-8FDC-42A3-9474-1A3956D46DE8}") = "src", "src", "{EA3DC331-A292-4270-BD15-4D24746FC6AC}"
EndProject
Project("{2150E333-8FDC-42A3-9474-1A3956D46DE8}") = "test", "test", "{BFCF3AE8-5E78-43C2-9588-51A18F363E60}"
EndProject
Global
	GlobalSection(SolutionConfigurationPlatforms) = preSolution
		Debug|Any CPU = Debug|Any CPU
		Release|Any CPU = Release|Any CPU
	EndGlobalSection
	GlobalSection(ProjectConfigurationPlatforms) = postSolution
		{33C4EF10-7246-45A5-854D-2908E31A49A2}.Debug|Any CPU.ActiveCfg = Debug|Any CPU
		{33C4EF10-7246-45A5-854D-2908E31A49A2}.Debug|Any CPU.Build.0 = Debug|Any CPU
		{33C4EF10-7246-45A5-854D-2908E31A49A2}.Release|Any CPU.ActiveCfg = Release|Any CPU
		{33C4EF10-7246-45A5-854D-2908E31A49A2}.Release|Any CPU.Build.0 = Release|Any CPU
		{44583D76-9475-4034-8BBE-862AF2F1E57D}.Debug|Any CPU.ActiveCfg = Debug|Any CPU
		{44583D76-9475-4034-8BBE-862AF2F1E57D}.Debug|Any CPU.Build.0 = Debug|Any CPU
		{44583D76-9475-4034-8BBE-862AF2F1E57D}.Release|Any CPU.ActiveCfg = Release|Any CPU
		{44583D76-9475-4034-8BBE-862AF2F1E57D}.Release|Any CPU.Build.0 = Release|Any CPU
		{2E0284EA-8479-4BA0-AD21-10D5B42FCB8D}.Debug|Any CPU.ActiveCfg = Debug|Any CPU
		{2E0284EA-8479-4BA0-AD21-10D5B42FCB8D}.Debug|Any CPU.Build.0 = Debug|Any CPU
		{2E0284EA-8479-4BA0-AD21-10D5B42FCB8D}.Release|Any CPU.ActiveCfg = Release|Any CPU
		{2E0284EA-8479-4BA0-AD21-10D5B42FCB8D}.Release|Any CPU.Build.0 = Release|Any CPU
		{CD02E952-5949-4201-96B7-B44C4ED57C2C}.Debug|Any CPU.ActiveCfg = Debug|Any CPU
		{CD02E952-5949-4201-96B7-B44C4ED57C2C}.Debug|Any CPU.Build.0 = Debug|Any CPU
		{CD02E952-5949-4201-96B7-B44C4ED57C2C}.Release|Any CPU.ActiveCfg = Release|Any CPU
		{CD02E952-5949-4201-96B7-B44C4ED57C2C}.Release|Any CPU.Build.0 = Release|Any CPU
		{78F69D8D-C71B-433A-BF8C-C3B9B3FAF52A}.Debug|Any CPU.ActiveCfg = Debug|Any CPU
		{78F69D8D-C71B-433A-BF8C-C3B9B3FAF52A}.Debug|Any CPU.Build.0 = Debug|Any CPU
		{78F69D8D-C71B-433A-BF8C-C3B9B3FAF52A}.Release|Any CPU.ActiveCfg = Release|Any CPU
		{78F69D8D-C71B-433A-BF8C-C3B9B3FAF52A}.Release|Any CPU.Build.0 = Release|Any CPU
		{1B91F7E2-647D-495E-86BD-35D2AE4DE21B}.Debug|Any CPU.ActiveCfg = Debug|Any CPU
		{1B91F7E2-647D-495E-86BD-35D2AE4DE21B}.Debug|Any CPU.Build.0 = Debug|Any CPU
		{1B91F7E2-647D-495E-86BD-35D2AE4DE21B}.Release|Any CPU.ActiveCfg = Release|Any CPU
		{1B91F7E2-647D-495E-86BD-35D2AE4DE21B}.Release|Any CPU.Build.0 = Release|Any CPU
		{0D747A10-74A8-4A2C-9929-4D1C9D55325A}.Debug|Any CPU.ActiveCfg = Debug|Any CPU
		{0D747A10-74A8-4A2C-9929-4D1C9D55325A}.Debug|Any CPU.Build.0 = Debug|Any CPU
		{0D747A10-74A8-4A2C-9929-4D1C9D55325A}.Release|Any CPU.ActiveCfg = Release|Any CPU
		{0D747A10-74A8-4A2C-9929-4D1C9D55325A}.Release|Any CPU.Build.0 = Release|Any CPU
		{7E4FC762-DBD6-428D-8540-9ED08A5CE1BA}.Debug|Any CPU.ActiveCfg = Debug|Any CPU
		{7E4FC762-DBD6-428D-8540-9ED08A5CE1BA}.Debug|Any CPU.Build.0 = Debug|Any CPU
		{7E4FC762-DBD6-428D-8540-9ED08A5CE1BA}.Release|Any CPU.ActiveCfg = Release|Any CPU
		{7E4FC762-DBD6-428D-8540-9ED08A5CE1BA}.Release|Any CPU.Build.0 = Release|Any CPU
		{4501D6B0-62BF-4B8B-A541-A071E73B7574}.Debug|Any CPU.ActiveCfg = Debug|Any CPU
		{4501D6B0-62BF-4B8B-A541-A071E73B7574}.Debug|Any CPU.Build.0 = Debug|Any CPU
		{4501D6B0-62BF-4B8B-A541-A071E73B7574}.Release|Any CPU.ActiveCfg = Release|Any CPU
		{4501D6B0-62BF-4B8B-A541-A071E73B7574}.Release|Any CPU.Build.0 = Release|Any CPU
		{8252C8BA-7D22-491E-86BC-7216B03724C4}.Debug|Any CPU.ActiveCfg = Debug|Any CPU
		{8252C8BA-7D22-491E-86BC-7216B03724C4}.Debug|Any CPU.Build.0 = Debug|Any CPU
		{8252C8BA-7D22-491E-86BC-7216B03724C4}.Release|Any CPU.ActiveCfg = Release|Any CPU
		{8252C8BA-7D22-491E-86BC-7216B03724C4}.Release|Any CPU.Build.0 = Release|Any CPU
		{58A9E721-4F6A-4A0C-ADDE-2941FA888625}.Debug|Any CPU.ActiveCfg = Debug|Any CPU
		{58A9E721-4F6A-4A0C-ADDE-2941FA888625}.Debug|Any CPU.Build.0 = Debug|Any CPU
		{58A9E721-4F6A-4A0C-ADDE-2941FA888625}.Release|Any CPU.ActiveCfg = Release|Any CPU
		{58A9E721-4F6A-4A0C-ADDE-2941FA888625}.Release|Any CPU.Build.0 = Release|Any CPU
		{43790BA5-FE56-45AF-BE3D-612B7BE14363}.Debug|Any CPU.ActiveCfg = Debug|Any CPU
		{43790BA5-FE56-45AF-BE3D-612B7BE14363}.Debug|Any CPU.Build.0 = Debug|Any CPU
		{43790BA5-FE56-45AF-BE3D-612B7BE14363}.Release|Any CPU.ActiveCfg = Release|Any CPU
		{43790BA5-FE56-45AF-BE3D-612B7BE14363}.Release|Any CPU.Build.0 = Release|Any CPU
		{0A29685F-A759-428C-9405-30FDB2191C0E}.Debug|Any CPU.ActiveCfg = Debug|Any CPU
		{0A29685F-A759-428C-9405-30FDB2191C0E}.Debug|Any CPU.Build.0 = Debug|Any CPU
		{0A29685F-A759-428C-9405-30FDB2191C0E}.Release|Any CPU.ActiveCfg = Release|Any CPU
		{0A29685F-A759-428C-9405-30FDB2191C0E}.Release|Any CPU.Build.0 = Release|Any CPU
		{3BC2B3BC-021C-4732-B2F8-E2488A9175C5}.Debug|Any CPU.ActiveCfg = Debug|Any CPU
		{3BC2B3BC-021C-4732-B2F8-E2488A9175C5}.Debug|Any CPU.Build.0 = Debug|Any CPU
		{3BC2B3BC-021C-4732-B2F8-E2488A9175C5}.Release|Any CPU.ActiveCfg = Release|Any CPU
		{3BC2B3BC-021C-4732-B2F8-E2488A9175C5}.Release|Any CPU.Build.0 = Release|Any CPU
		{8AC55F8C-5897-405D-9816-50CF54028A98}.Debug|Any CPU.ActiveCfg = Debug|Any CPU
		{8AC55F8C-5897-405D-9816-50CF54028A98}.Debug|Any CPU.Build.0 = Debug|Any CPU
		{8AC55F8C-5897-405D-9816-50CF54028A98}.Release|Any CPU.ActiveCfg = Release|Any CPU
		{8AC55F8C-5897-405D-9816-50CF54028A98}.Release|Any CPU.Build.0 = Release|Any CPU
		{77A3B43E-6919-432A-BF85-D5CEE8BCAE32}.Debug|Any CPU.ActiveCfg = Debug|Any CPU
		{77A3B43E-6919-432A-BF85-D5CEE8BCAE32}.Debug|Any CPU.Build.0 = Debug|Any CPU
		{77A3B43E-6919-432A-BF85-D5CEE8BCAE32}.Release|Any CPU.ActiveCfg = Release|Any CPU
		{77A3B43E-6919-432A-BF85-D5CEE8BCAE32}.Release|Any CPU.Build.0 = Release|Any CPU
		{439BB8E0-D6B6-4EDA-ADFC-17F839A10C53}.Debug|Any CPU.ActiveCfg = Debug|Any CPU
		{439BB8E0-D6B6-4EDA-ADFC-17F839A10C53}.Debug|Any CPU.Build.0 = Debug|Any CPU
		{439BB8E0-D6B6-4EDA-ADFC-17F839A10C53}.Release|Any CPU.ActiveCfg = Release|Any CPU
		{439BB8E0-D6B6-4EDA-ADFC-17F839A10C53}.Release|Any CPU.Build.0 = Release|Any CPU
		{2AE3769D-2144-4630-8883-CA0A354D0E6D}.Debug|Any CPU.ActiveCfg = Debug|Any CPU
		{2AE3769D-2144-4630-8883-CA0A354D0E6D}.Debug|Any CPU.Build.0 = Debug|Any CPU
		{2AE3769D-2144-4630-8883-CA0A354D0E6D}.Release|Any CPU.ActiveCfg = Release|Any CPU
		{2AE3769D-2144-4630-8883-CA0A354D0E6D}.Release|Any CPU.Build.0 = Release|Any CPU
		{7E54510C-BF54-4108-B860-6FAC398D33D6}.Debug|Any CPU.ActiveCfg = Debug|Any CPU
		{7E54510C-BF54-4108-B860-6FAC398D33D6}.Debug|Any CPU.Build.0 = Debug|Any CPU
		{7E54510C-BF54-4108-B860-6FAC398D33D6}.Release|Any CPU.ActiveCfg = Release|Any CPU
		{7E54510C-BF54-4108-B860-6FAC398D33D6}.Release|Any CPU.Build.0 = Release|Any CPU
	EndGlobalSection
	GlobalSection(SolutionProperties) = preSolution
		HideSolutionNode = FALSE
	EndGlobalSection
	GlobalSection(NestedProjects) = preSolution
		{33C4EF10-7246-45A5-854D-2908E31A49A2} = {EA3DC331-A292-4270-BD15-4D24746FC6AC}
		{44583D76-9475-4034-8BBE-862AF2F1E57D} = {EA3DC331-A292-4270-BD15-4D24746FC6AC}
		{2E0284EA-8479-4BA0-AD21-10D5B42FCB8D} = {EA3DC331-A292-4270-BD15-4D24746FC6AC}
		{78F69D8D-C71B-433A-BF8C-C3B9B3FAF52A} = {9B689F5B-DC6A-4911-A8EF-3751505108B3}
		{1B91F7E2-647D-495E-86BD-35D2AE4DE21B} = {EA3DC331-A292-4270-BD15-4D24746FC6AC}
		{0D747A10-74A8-4A2C-9929-4D1C9D55325A} = {9B689F5B-DC6A-4911-A8EF-3751505108B3}
		{7E4FC762-DBD6-428D-8540-9ED08A5CE1BA} = {9B689F5B-DC6A-4911-A8EF-3751505108B3}
		{4501D6B0-62BF-4B8B-A541-A071E73B7574} = {9B689F5B-DC6A-4911-A8EF-3751505108B3}
		{8252C8BA-7D22-491E-86BC-7216B03724C4} = {9B689F5B-DC6A-4911-A8EF-3751505108B3}
		{58A9E721-4F6A-4A0C-ADDE-2941FA888625} = {9B689F5B-DC6A-4911-A8EF-3751505108B3}
		{3BC2B3BC-021C-4732-B2F8-E2488A9175C5} = {BFCF3AE8-5E78-43C2-9588-51A18F363E60}
		{FEC98756-BF62-4A83-8BA8-3E9400B55521} = {90756FF0-EDD4-441A-906A-32BDFA3F32DA}
		{8AC55F8C-5897-405D-9816-50CF54028A98} = {FEC98756-BF62-4A83-8BA8-3E9400B55521}
		{439BB8E0-D6B6-4EDA-ADFC-17F839A10C53} = {2B08CED1-DADE-4143-9A52-B68032DA1BEF}
		{2AE3769D-2144-4630-8883-CA0A354D0E6D} = {90756FF0-EDD4-441A-906A-32BDFA3F32DA}
		{7E54510C-BF54-4108-B860-6FAC398D33D6} = {BFCF3AE8-5E78-43C2-9588-51A18F363E60}
	EndGlobalSection
	GlobalSection(ExtensibilityGlobals) = postSolution
		SolutionGuid = {9C196457-3BCC-4C84-9F50-2857429B7BD4}
	EndGlobalSection
EndGlobal
