
Microsoft Visual Studio Solution File, Format Version 12.00
# Visual Studio Version 16
VisualStudioVersion = 16.0.29424.173
MinimumVisualStudioVersion = 10.0.40219.1
Project("{9A19103F-16F7-4668-BE54-9A1E7A4F7556}") = "YS.Knife.Core", "src\YS.Knife.Core\YS.Knife.Core.csproj", "{33C4EF10-7246-45A5-854D-2908E31A49A2}"
EndProject
Project("{9A19103F-16F7-4668-BE54-9A1E7A4F7556}") = "YS.Knife.Hosting", "src\YS.Knife.Hosting\YS.Knife.Hosting.csproj", "{2E0284EA-8479-4BA0-AD21-10D5B42FCB8D}"
EndProject
Project("{9A19103F-16F7-4668-BE54-9A1E7A4F7556}") = "YS.Knife.Hosting.Web", "src\YS.Knife.Hosting.Web\YS.Knife.Hosting.Web.csproj", "{CD02E952-5949-4201-96B7-B44C4ED57C2C}"
EndProject
Project("{9A19103F-16F7-4668-BE54-9A1E7A4F7556}") = "YS.Knife.EntityFrameworkCore.SqlServer", "src\YS.Knife.EntityFrameworkCore.SqlServer\YS.Knife.EntityFrameworkCore.SqlServer.csproj", "{78F69D8D-C71B-433A-BF8C-C3B9B3FAF52A}"
EndProject
Project("{9A19103F-16F7-4668-BE54-9A1E7A4F7556}") = "YS.Knife.EntityFrameworkCore.MySql", "src\YS.Knife.EntityFrameworkCore.MySql\YS.Knife.EntityFrameworkCore.MySql.csproj", "{4501D6B0-62BF-4B8B-A541-A071E73B7574}"
EndProject
Project("{9A19103F-16F7-4668-BE54-9A1E7A4F7556}") = "YS.Knife.EntityFrameworkCore", "src\YS.Knife.EntityFrameworkCore\YS.Knife.EntityFrameworkCore.csproj", "{58A9E721-4F6A-4A0C-ADDE-2941FA888625}"
EndProject
Project("{9A19103F-16F7-4668-BE54-9A1E7A4F7556}") = "YS.Knife.Testing", "src\YS.Knife.Testing\YS.Knife.Testing.csproj", "{43790BA5-FE56-45AF-BE3D-612B7BE14363}"
EndProject
Project("{9A19103F-16F7-4668-BE54-9A1E7A4F7556}") = "YS.Knife.Rest.Client", "src\YS.Knife.Rest.Client\YS.Knife.Rest.Client.csproj", "{0A29685F-A759-428C-9405-30FDB2191C0E}"
EndProject
Project("{9A19103F-16F7-4668-BE54-9A1E7A4F7556}") = "YS.Knife.Rest.Api", "src\YS.Knife.Rest.Api\YS.Knife.Rest.Api.csproj", "{77A3B43E-6919-432A-BF85-D5CEE8BCAE32}"
EndProject
Project("{9A19103F-16F7-4668-BE54-9A1E7A4F7556}") = "YS.Knife.Hosting.UnitTest", "test\YS.Knife.Hosting.UnitTest\YS.Knife.Hosting.UnitTest.csproj", "{2AE3769D-2144-4630-8883-CA0A354D0E6D}"
EndProject
Project("{9A19103F-16F7-4668-BE54-9A1E7A4F7556}") = "YS.Knife.Core.UnitTest", "test\YS.Knife.Core.UnitTest\YS.Knife.Core.UnitTest.csproj", "{7E54510C-BF54-4108-B860-6FAC398D33D6}"
EndProject
Project("{2150E333-8FDC-42A3-9474-1A3956D46DE8}") = "src", "src", "{EA3DC331-A292-4270-BD15-4D24746FC6AC}"
EndProject
Project("{2150E333-8FDC-42A3-9474-1A3956D46DE8}") = "test", "test", "{BFCF3AE8-5E78-43C2-9588-51A18F363E60}"
EndProject
Project("{2150E333-8FDC-42A3-9474-1A3956D46DE8}") = "EfCore", "EfCore", "{4E5BFD29-B9D4-447D-AAF5-26DFBA97EEB7}"
EndProject
Project("{9A19103F-16F7-4668-BE54-9A1E7A4F7556}") = "YS.Knife.EntityframeworkCore.PostgreSql", "src\YS.Knife.EntityFrameworkCore.PostgreSql\YS.Knife.EntityframeworkCore.PostgreSql.csproj", "{53AC520B-2BFB-4121-A083-1FA36A8B8515}"
EndProject
Project("{9A19103F-16F7-4668-BE54-9A1E7A4F7556}") = "YS.Knife.EntityframeworkCore.Oracle", "src\YS.Knife.EntityFrameworkCore.Oracle\YS.Knife.EntityframeworkCore.Oracle.csproj", "{0CB90191-2B56-4E85-A64B-45303C6671FF}"
EndProject
Project("{9A19103F-16F7-4668-BE54-9A1E7A4F7556}") = "YS.Knife.EntityframeworkCore.Sqlite", "src\YS.Knife.EntityFrameworkCore.Sqlite\YS.Knife.EntityframeworkCore.Sqlite.csproj", "{32781843-6E00-44C0-AB77-D541B4B45BAA}"
EndProject
Project("{9A19103F-16F7-4668-BE54-9A1E7A4F7556}") = "YS.Knife.Aop.UnitTest", "test\YS.Knife.Aop.UnitTest\YS.Knife.Aop.UnitTest.csproj", "{656003AF-B3B5-4831-B80E-E5B3235635CA}"
EndProject
Project("{2150E333-8FDC-42A3-9474-1A3956D46DE8}") = "Aws", "Aws", "{F33A4B10-9D5B-11EA-84BA-8DCDEAFF18D3}"
EndProject
Project("{9A19103F-16F7-4668-BE54-9A1E7A4F7556}") = "YS.Knife.Aws", "src\YS.Knife.Aws\YS.Knife.Aws.csproj", "{A97B78B5-7F24-4D16-87F2-1CB78F7F91FD}"
EndProject
Project("{9A19103F-16F7-4668-BE54-9A1E7A4F7556}") = "YS.Knife.Aws.Kms", "src\YS.Knife.Aws.Kms\YS.Knife.Aws.Kms.csproj", "{7895C906-4D13-49AC-B915-D1126D0D297F}"
EndProject
Project("{2150E333-8FDC-42A3-9474-1A3956D46DE8}") = "Aws", "Aws", "{E21D0910-9DD5-11EA-9FDD-1752BE8F107A}"
EndProject
Project("{9A19103F-16F7-4668-BE54-9A1E7A4F7556}") = "YS.Knife.Aws.Kms.UnitTest", "test\YS.Knife.Aws.Kms.UnitTest\YS.Knife.Aws.Kms.UnitTest.csproj", "{B9FF47EA-E635-40F8-B038-A274DBD31147}"
EndProject
Project("{9A19103F-16F7-4668-BE54-9A1E7A4F7556}") = "YS.Knife.Aws.S3", "src\YS.Knife.Aws.S3\YS.Knife.Aws.S3.csproj", "{12252B9A-62DF-4F57-B03C-8ED1CB9C3CF8}"
EndProject
Project("{9A19103F-16F7-4668-BE54-9A1E7A4F7556}") = "YS.Knife.Aws.DynamoDB", "src\YS.Knife.Aws.DynamoDB\YS.Knife.Aws.DynamoDB.csproj", "{120F108B-47DE-4359-87F1-D8FD39D25B8A}"
EndProject
Project("{9A19103F-16F7-4668-BE54-9A1E7A4F7556}") = "YS.Knife.Rest.Client.UnitTest", "test\YS.Knife.Rest.Client.UnitTest\YS.Knife.Rest.Client.UnitTest.csproj", "{3FAC5519-2084-459D-992D-1F1DC5C8C785}"
EndProject
Project("{9A19103F-16F7-4668-BE54-9A1E7A4F7556}") = "YS.Knife.Rest.Client.TestServer", "test\YS.Knife.Rest.Client.TestServer\YS.Knife.Rest.Client.TestServer.csproj", "{4BA7BF48-73B8-4010-8129-FF0025EC71D4}"
EndProject
Project("{9A19103F-16F7-4668-BE54-9A1E7A4F7556}") = "YS.Knife.Data", "src\YS.Knife.Data\YS.Knife.Data.csproj", "{0D25E492-3D6B-4569-9512-A03233E4925F}"
EndProject
Project("{9A19103F-16F7-4668-BE54-9A1E7A4F7556}") = "YS.Knife.Data.UnitTest", "test\YS.Knife.Data.UnitTest\YS.Knife.Data.UnitTest.csproj", "{ED934540-0BE2-485D-9341-AAA49552D171}"
EndProject
Project("{2150E333-8FDC-42A3-9474-1A3956D46DE8}") = "EFcore", "EFcore", "{2D663756-58FD-46AD-A1DA-4DFFCD17DCDF}"
EndProject
Project("{9A19103F-16F7-4668-BE54-9A1E7A4F7556}") = "YS.Knife.EntityFrameworkCore.Sqlite.UnitTest", "test\YS.Knife.EntityFrameworkCore.Sqlite.UnitTest\YS.Knife.EntityFrameworkCore.Sqlite.UnitTest.csproj", "{2EA9B5F5-22A1-423D-84B6-E42F03301F44}"
EndProject
Project("{2150E333-8FDC-42A3-9474-1A3956D46DE8}") = "Extensions", "Extensions", "{416F90AD-82E9-4DD2-BDC1-77574D6019F7}"
EndProject
Project("{9A19103F-16F7-4668-BE54-9A1E7A4F7556}") = "YS.Knife.Extensions.Configuration.Api", "src\YS.Knife.Extensions.Configuration.Api\YS.Knife.Extensions.Configuration.Api.csproj", "{A1F61EB3-CD3E-44CB-BB6E-C297A8C7CE0E}"
EndProject
Project("{2150E333-8FDC-42A3-9474-1A3956D46DE8}") = "Mongo", "Mongo", "{073CE990-2896-11EB-A478-0D7261AD93BF}"
EndProject
Project("{9A19103F-16F7-4668-BE54-9A1E7A4F7556}") = "YS.Knife.Mongo", "src\YS.Knife.Mongo\YS.Knife.Mongo.csproj", "{C20FCC26-B073-4399-A35A-77BBB40DAD7D}"
EndProject
Project("{9A19103F-16F7-4668-BE54-9A1E7A4F7556}") = "YS.Knife.Mongo.UnitTest", "test\YS.Knife.Mongo.UnitTest\YS.Knife.Mongo.UnitTest.csproj", "{72FBC790-3744-4BFC-9B9F-91946E77E8BC}"
EndProject
Project("{2150E333-8FDC-42A3-9474-1A3956D46DE8}") = "Rest", "Rest", "{BB691459-047F-48E3-86BD-D4F21E8C58D6}"
EndProject
Project("{2150E333-8FDC-42A3-9474-1A3956D46DE8}") = "Redis", "Redis", "{557128CD-9954-4860-A299-45F7D4FBEA3B}"
EndProject
Project("{9A19103F-16F7-4668-BE54-9A1E7A4F7556}") = "YS.Knife.Redis", "src\YS.Knife.Redis\YS.Knife.Redis.csproj", "{00F6A8DA-EFC3-41F9-9EA3-5CC0E78F4BC4}"
EndProject
Project("{2150E333-8FDC-42A3-9474-1A3956D46DE8}") = "Hosting", "Hosting", "{0D092072-3A6E-4CD3-A69F-1C9B8BC36276}"
EndProject
Project("{2150E333-8FDC-42A3-9474-1A3956D46DE8}") = "Grpc", "Grpc", "{9A67E870-527E-11EB-AF2E-8D20152C0D65}"
EndProject
Project("{9A19103F-16F7-4668-BE54-9A1E7A4F7556}") = "YS.Knife.Grpc.Client", "src\YS.Knife.Grpc.Client\YS.Knife.Grpc.Client.csproj", "{3596E96E-CEA9-4873-9F43-CACD91C8EE2A}"
EndProject
Project("{2150E333-8FDC-42A3-9474-1A3956D46DE8}") = "Grpc", "Grpc", "{3F3962DC-ACD6-486E-BFF0-A345FCBEC78B}"
EndProject
Project("{2150E333-8FDC-42A3-9474-1A3956D46DE8}") = "Rest", "Rest", "{095D0DF2-347D-4F73-9DFD-C60F7A9A0985}"
EndProject
Project("{9A19103F-16F7-4668-BE54-9A1E7A4F7556}") = "YS.Knife.Grpc.TestServer", "test\YS.Knife.Grpc.TestServer\YS.Knife.Grpc.TestServer.csproj", "{E311297F-05B6-4040-9003-3DF9F0F9E18E}"
EndProject
Project("{9A19103F-16F7-4668-BE54-9A1E7A4F7556}") = "YS.Knife.Grpc.Service", "src\YS.Knife.Grpc.Service\YS.Knife.Grpc.Service.csproj", "{0FA62A6C-52AA-43E2-87A3-4C9390543F22}"
EndProject
Project("{9A19103F-16F7-4668-BE54-9A1E7A4F7556}") = "YS.Knife.Grpc.Client.UnitTest", "test\YS.Knife.Grpc.Client.UnitTest\YS.Knife.Grpc.Client.UnitTest.csproj", "{FA6E6C48-10CF-4778-BE17-7D0FEC9562AB}"
EndProject
Project("{9A19103F-16F7-4668-BE54-9A1E7A4F7556}") = "YS.Knife.Grpc.AspNetCore", "src\YS.Knife.Grpc.AspNetCore\YS.Knife.Grpc.AspNetCore.csproj", "{D0BE430D-457B-45BF-A36F-ED67B1CAEBA4}"
EndProject
Project("{FAE04EC0-301F-11D3-BF4B-00C04F79EFBC}") = "YS.Knife.Rest.AspNetCore", "src\YS.Knife.Rest.AspNetCore\YS.Knife.Rest.AspNetCore.csproj", "{12A438FA-E679-464A-AA11-812ED13F9E52}"
EndProject
Global
	GlobalSection(SolutionConfigurationPlatforms) = preSolution
		Debug|Any CPU = Debug|Any CPU
		Release|Any CPU = Release|Any CPU
	EndGlobalSection
	GlobalSection(ProjectConfigurationPlatforms) = postSolution
		{33C4EF10-7246-45A5-854D-2908E31A49A2}.Debug|Any CPU.ActiveCfg = Debug|Any CPU
		{33C4EF10-7246-45A5-854D-2908E31A49A2}.Debug|Any CPU.Build.0 = Debug|Any CPU
		{33C4EF10-7246-45A5-854D-2908E31A49A2}.Release|Any CPU.ActiveCfg = Release|Any CPU
		{33C4EF10-7246-45A5-854D-2908E31A49A2}.Release|Any CPU.Build.0 = Release|Any CPU
		{2E0284EA-8479-4BA0-AD21-10D5B42FCB8D}.Debug|Any CPU.ActiveCfg = Debug|Any CPU
		{2E0284EA-8479-4BA0-AD21-10D5B42FCB8D}.Debug|Any CPU.Build.0 = Debug|Any CPU
		{2E0284EA-8479-4BA0-AD21-10D5B42FCB8D}.Release|Any CPU.ActiveCfg = Release|Any CPU
		{2E0284EA-8479-4BA0-AD21-10D5B42FCB8D}.Release|Any CPU.Build.0 = Release|Any CPU
		{CD02E952-5949-4201-96B7-B44C4ED57C2C}.Debug|Any CPU.ActiveCfg = Debug|Any CPU
		{CD02E952-5949-4201-96B7-B44C4ED57C2C}.Debug|Any CPU.Build.0 = Debug|Any CPU
		{CD02E952-5949-4201-96B7-B44C4ED57C2C}.Release|Any CPU.ActiveCfg = Release|Any CPU
		{CD02E952-5949-4201-96B7-B44C4ED57C2C}.Release|Any CPU.Build.0 = Release|Any CPU
		{78F69D8D-C71B-433A-BF8C-C3B9B3FAF52A}.Debug|Any CPU.ActiveCfg = Debug|Any CPU
		{78F69D8D-C71B-433A-BF8C-C3B9B3FAF52A}.Debug|Any CPU.Build.0 = Debug|Any CPU
		{78F69D8D-C71B-433A-BF8C-C3B9B3FAF52A}.Release|Any CPU.ActiveCfg = Release|Any CPU
		{78F69D8D-C71B-433A-BF8C-C3B9B3FAF52A}.Release|Any CPU.Build.0 = Release|Any CPU
		{4501D6B0-62BF-4B8B-A541-A071E73B7574}.Debug|Any CPU.ActiveCfg = Debug|Any CPU
		{4501D6B0-62BF-4B8B-A541-A071E73B7574}.Debug|Any CPU.Build.0 = Debug|Any CPU
		{4501D6B0-62BF-4B8B-A541-A071E73B7574}.Release|Any CPU.ActiveCfg = Release|Any CPU
		{4501D6B0-62BF-4B8B-A541-A071E73B7574}.Release|Any CPU.Build.0 = Release|Any CPU
		{58A9E721-4F6A-4A0C-ADDE-2941FA888625}.Debug|Any CPU.ActiveCfg = Debug|Any CPU
		{58A9E721-4F6A-4A0C-ADDE-2941FA888625}.Debug|Any CPU.Build.0 = Debug|Any CPU
		{58A9E721-4F6A-4A0C-ADDE-2941FA888625}.Release|Any CPU.ActiveCfg = Release|Any CPU
		{58A9E721-4F6A-4A0C-ADDE-2941FA888625}.Release|Any CPU.Build.0 = Release|Any CPU
		{43790BA5-FE56-45AF-BE3D-612B7BE14363}.Debug|Any CPU.ActiveCfg = Debug|Any CPU
		{43790BA5-FE56-45AF-BE3D-612B7BE14363}.Debug|Any CPU.Build.0 = Debug|Any CPU
		{43790BA5-FE56-45AF-BE3D-612B7BE14363}.Release|Any CPU.ActiveCfg = Release|Any CPU
		{43790BA5-FE56-45AF-BE3D-612B7BE14363}.Release|Any CPU.Build.0 = Release|Any CPU
		{0A29685F-A759-428C-9405-30FDB2191C0E}.Debug|Any CPU.ActiveCfg = Debug|Any CPU
		{0A29685F-A759-428C-9405-30FDB2191C0E}.Debug|Any CPU.Build.0 = Debug|Any CPU
		{0A29685F-A759-428C-9405-30FDB2191C0E}.Release|Any CPU.ActiveCfg = Release|Any CPU
		{0A29685F-A759-428C-9405-30FDB2191C0E}.Release|Any CPU.Build.0 = Release|Any CPU
		{77A3B43E-6919-432A-BF85-D5CEE8BCAE32}.Debug|Any CPU.ActiveCfg = Debug|Any CPU
		{77A3B43E-6919-432A-BF85-D5CEE8BCAE32}.Debug|Any CPU.Build.0 = Debug|Any CPU
		{77A3B43E-6919-432A-BF85-D5CEE8BCAE32}.Release|Any CPU.ActiveCfg = Release|Any CPU
		{77A3B43E-6919-432A-BF85-D5CEE8BCAE32}.Release|Any CPU.Build.0 = Release|Any CPU
		{2AE3769D-2144-4630-8883-CA0A354D0E6D}.Debug|Any CPU.ActiveCfg = Debug|Any CPU
		{2AE3769D-2144-4630-8883-CA0A354D0E6D}.Debug|Any CPU.Build.0 = Debug|Any CPU
		{2AE3769D-2144-4630-8883-CA0A354D0E6D}.Release|Any CPU.ActiveCfg = Release|Any CPU
		{2AE3769D-2144-4630-8883-CA0A354D0E6D}.Release|Any CPU.Build.0 = Release|Any CPU
		{7E54510C-BF54-4108-B860-6FAC398D33D6}.Debug|Any CPU.ActiveCfg = Debug|Any CPU
		{7E54510C-BF54-4108-B860-6FAC398D33D6}.Debug|Any CPU.Build.0 = Debug|Any CPU
		{7E54510C-BF54-4108-B860-6FAC398D33D6}.Release|Any CPU.ActiveCfg = Release|Any CPU
		{7E54510C-BF54-4108-B860-6FAC398D33D6}.Release|Any CPU.Build.0 = Release|Any CPU
		{53AC520B-2BFB-4121-A083-1FA36A8B8515}.Debug|Any CPU.ActiveCfg = Debug|Any CPU
		{53AC520B-2BFB-4121-A083-1FA36A8B8515}.Debug|Any CPU.Build.0 = Debug|Any CPU
		{53AC520B-2BFB-4121-A083-1FA36A8B8515}.Release|Any CPU.ActiveCfg = Release|Any CPU
		{53AC520B-2BFB-4121-A083-1FA36A8B8515}.Release|Any CPU.Build.0 = Release|Any CPU
		{0CB90191-2B56-4E85-A64B-45303C6671FF}.Debug|Any CPU.ActiveCfg = Debug|Any CPU
		{0CB90191-2B56-4E85-A64B-45303C6671FF}.Debug|Any CPU.Build.0 = Debug|Any CPU
		{0CB90191-2B56-4E85-A64B-45303C6671FF}.Release|Any CPU.ActiveCfg = Release|Any CPU
		{0CB90191-2B56-4E85-A64B-45303C6671FF}.Release|Any CPU.Build.0 = Release|Any CPU
		{32781843-6E00-44C0-AB77-D541B4B45BAA}.Debug|Any CPU.ActiveCfg = Debug|Any CPU
		{32781843-6E00-44C0-AB77-D541B4B45BAA}.Debug|Any CPU.Build.0 = Debug|Any CPU
		{32781843-6E00-44C0-AB77-D541B4B45BAA}.Release|Any CPU.ActiveCfg = Release|Any CPU
		{32781843-6E00-44C0-AB77-D541B4B45BAA}.Release|Any CPU.Build.0 = Release|Any CPU
		{656003AF-B3B5-4831-B80E-E5B3235635CA}.Debug|Any CPU.ActiveCfg = Debug|Any CPU
		{656003AF-B3B5-4831-B80E-E5B3235635CA}.Debug|Any CPU.Build.0 = Debug|Any CPU
		{656003AF-B3B5-4831-B80E-E5B3235635CA}.Release|Any CPU.ActiveCfg = Release|Any CPU
		{656003AF-B3B5-4831-B80E-E5B3235635CA}.Release|Any CPU.Build.0 = Release|Any CPU
		{A97B78B5-7F24-4D16-87F2-1CB78F7F91FD}.Debug|Any CPU.ActiveCfg = Debug|Any CPU
		{A97B78B5-7F24-4D16-87F2-1CB78F7F91FD}.Debug|Any CPU.Build.0 = Debug|Any CPU
		{A97B78B5-7F24-4D16-87F2-1CB78F7F91FD}.Release|Any CPU.ActiveCfg = Release|Any CPU
		{A97B78B5-7F24-4D16-87F2-1CB78F7F91FD}.Release|Any CPU.Build.0 = Release|Any CPU
		{7895C906-4D13-49AC-B915-D1126D0D297F}.Debug|Any CPU.ActiveCfg = Debug|Any CPU
		{7895C906-4D13-49AC-B915-D1126D0D297F}.Debug|Any CPU.Build.0 = Debug|Any CPU
		{7895C906-4D13-49AC-B915-D1126D0D297F}.Release|Any CPU.ActiveCfg = Release|Any CPU
		{7895C906-4D13-49AC-B915-D1126D0D297F}.Release|Any CPU.Build.0 = Release|Any CPU
		{B9FF47EA-E635-40F8-B038-A274DBD31147}.Debug|Any CPU.ActiveCfg = Debug|Any CPU
		{B9FF47EA-E635-40F8-B038-A274DBD31147}.Debug|Any CPU.Build.0 = Debug|Any CPU
		{B9FF47EA-E635-40F8-B038-A274DBD31147}.Release|Any CPU.ActiveCfg = Release|Any CPU
		{B9FF47EA-E635-40F8-B038-A274DBD31147}.Release|Any CPU.Build.0 = Release|Any CPU
		{12252B9A-62DF-4F57-B03C-8ED1CB9C3CF8}.Debug|Any CPU.ActiveCfg = Debug|Any CPU
		{12252B9A-62DF-4F57-B03C-8ED1CB9C3CF8}.Debug|Any CPU.Build.0 = Debug|Any CPU
		{12252B9A-62DF-4F57-B03C-8ED1CB9C3CF8}.Release|Any CPU.ActiveCfg = Release|Any CPU
		{12252B9A-62DF-4F57-B03C-8ED1CB9C3CF8}.Release|Any CPU.Build.0 = Release|Any CPU
		{120F108B-47DE-4359-87F1-D8FD39D25B8A}.Debug|Any CPU.ActiveCfg = Debug|Any CPU
		{120F108B-47DE-4359-87F1-D8FD39D25B8A}.Debug|Any CPU.Build.0 = Debug|Any CPU
		{120F108B-47DE-4359-87F1-D8FD39D25B8A}.Release|Any CPU.ActiveCfg = Release|Any CPU
		{120F108B-47DE-4359-87F1-D8FD39D25B8A}.Release|Any CPU.Build.0 = Release|Any CPU
		{3FAC5519-2084-459D-992D-1F1DC5C8C785}.Debug|Any CPU.ActiveCfg = Debug|Any CPU
		{3FAC5519-2084-459D-992D-1F1DC5C8C785}.Debug|Any CPU.Build.0 = Debug|Any CPU
		{3FAC5519-2084-459D-992D-1F1DC5C8C785}.Release|Any CPU.ActiveCfg = Release|Any CPU
		{3FAC5519-2084-459D-992D-1F1DC5C8C785}.Release|Any CPU.Build.0 = Release|Any CPU
		{4BA7BF48-73B8-4010-8129-FF0025EC71D4}.Debug|Any CPU.ActiveCfg = Debug|Any CPU
		{4BA7BF48-73B8-4010-8129-FF0025EC71D4}.Debug|Any CPU.Build.0 = Debug|Any CPU
		{4BA7BF48-73B8-4010-8129-FF0025EC71D4}.Release|Any CPU.ActiveCfg = Release|Any CPU
		{4BA7BF48-73B8-4010-8129-FF0025EC71D4}.Release|Any CPU.Build.0 = Release|Any CPU
		{0D25E492-3D6B-4569-9512-A03233E4925F}.Debug|Any CPU.ActiveCfg = Debug|Any CPU
		{0D25E492-3D6B-4569-9512-A03233E4925F}.Debug|Any CPU.Build.0 = Debug|Any CPU
		{0D25E492-3D6B-4569-9512-A03233E4925F}.Release|Any CPU.ActiveCfg = Release|Any CPU
		{0D25E492-3D6B-4569-9512-A03233E4925F}.Release|Any CPU.Build.0 = Release|Any CPU
		{ED934540-0BE2-485D-9341-AAA49552D171}.Debug|Any CPU.ActiveCfg = Debug|Any CPU
		{ED934540-0BE2-485D-9341-AAA49552D171}.Debug|Any CPU.Build.0 = Debug|Any CPU
		{ED934540-0BE2-485D-9341-AAA49552D171}.Release|Any CPU.ActiveCfg = Release|Any CPU
		{ED934540-0BE2-485D-9341-AAA49552D171}.Release|Any CPU.Build.0 = Release|Any CPU
		{2EA9B5F5-22A1-423D-84B6-E42F03301F44}.Debug|Any CPU.ActiveCfg = Debug|Any CPU
		{2EA9B5F5-22A1-423D-84B6-E42F03301F44}.Debug|Any CPU.Build.0 = Debug|Any CPU
		{2EA9B5F5-22A1-423D-84B6-E42F03301F44}.Release|Any CPU.ActiveCfg = Release|Any CPU
		{2EA9B5F5-22A1-423D-84B6-E42F03301F44}.Release|Any CPU.Build.0 = Release|Any CPU
		{A1F61EB3-CD3E-44CB-BB6E-C297A8C7CE0E}.Debug|Any CPU.ActiveCfg = Debug|Any CPU
		{A1F61EB3-CD3E-44CB-BB6E-C297A8C7CE0E}.Debug|Any CPU.Build.0 = Debug|Any CPU
		{A1F61EB3-CD3E-44CB-BB6E-C297A8C7CE0E}.Release|Any CPU.ActiveCfg = Release|Any CPU
		{A1F61EB3-CD3E-44CB-BB6E-C297A8C7CE0E}.Release|Any CPU.Build.0 = Release|Any CPU
		{C20FCC26-B073-4399-A35A-77BBB40DAD7D}.Debug|Any CPU.ActiveCfg = Debug|Any CPU
		{C20FCC26-B073-4399-A35A-77BBB40DAD7D}.Debug|Any CPU.Build.0 = Debug|Any CPU
		{C20FCC26-B073-4399-A35A-77BBB40DAD7D}.Release|Any CPU.ActiveCfg = Release|Any CPU
		{C20FCC26-B073-4399-A35A-77BBB40DAD7D}.Release|Any CPU.Build.0 = Release|Any CPU
		{72FBC790-3744-4BFC-9B9F-91946E77E8BC}.Debug|Any CPU.ActiveCfg = Debug|Any CPU
		{72FBC790-3744-4BFC-9B9F-91946E77E8BC}.Debug|Any CPU.Build.0 = Debug|Any CPU
		{72FBC790-3744-4BFC-9B9F-91946E77E8BC}.Release|Any CPU.ActiveCfg = Release|Any CPU
		{72FBC790-3744-4BFC-9B9F-91946E77E8BC}.Release|Any CPU.Build.0 = Release|Any CPU
		{00F6A8DA-EFC3-41F9-9EA3-5CC0E78F4BC4}.Debug|Any CPU.ActiveCfg = Debug|Any CPU
		{00F6A8DA-EFC3-41F9-9EA3-5CC0E78F4BC4}.Debug|Any CPU.Build.0 = Debug|Any CPU
		{00F6A8DA-EFC3-41F9-9EA3-5CC0E78F4BC4}.Release|Any CPU.ActiveCfg = Release|Any CPU
		{00F6A8DA-EFC3-41F9-9EA3-5CC0E78F4BC4}.Release|Any CPU.Build.0 = Release|Any CPU
		{3596E96E-CEA9-4873-9F43-CACD91C8EE2A}.Debug|Any CPU.ActiveCfg = Debug|Any CPU
		{3596E96E-CEA9-4873-9F43-CACD91C8EE2A}.Debug|Any CPU.Build.0 = Debug|Any CPU
		{3596E96E-CEA9-4873-9F43-CACD91C8EE2A}.Release|Any CPU.ActiveCfg = Release|Any CPU
		{3596E96E-CEA9-4873-9F43-CACD91C8EE2A}.Release|Any CPU.Build.0 = Release|Any CPU
		{E311297F-05B6-4040-9003-3DF9F0F9E18E}.Debug|Any CPU.ActiveCfg = Debug|Any CPU
		{E311297F-05B6-4040-9003-3DF9F0F9E18E}.Debug|Any CPU.Build.0 = Debug|Any CPU
		{E311297F-05B6-4040-9003-3DF9F0F9E18E}.Release|Any CPU.ActiveCfg = Release|Any CPU
		{E311297F-05B6-4040-9003-3DF9F0F9E18E}.Release|Any CPU.Build.0 = Release|Any CPU
		{0FA62A6C-52AA-43E2-87A3-4C9390543F22}.Debug|Any CPU.ActiveCfg = Debug|Any CPU
		{0FA62A6C-52AA-43E2-87A3-4C9390543F22}.Debug|Any CPU.Build.0 = Debug|Any CPU
		{0FA62A6C-52AA-43E2-87A3-4C9390543F22}.Release|Any CPU.ActiveCfg = Release|Any CPU
		{0FA62A6C-52AA-43E2-87A3-4C9390543F22}.Release|Any CPU.Build.0 = Release|Any CPU
		{FA6E6C48-10CF-4778-BE17-7D0FEC9562AB}.Debug|Any CPU.ActiveCfg = Debug|Any CPU
		{FA6E6C48-10CF-4778-BE17-7D0FEC9562AB}.Debug|Any CPU.Build.0 = Debug|Any CPU
		{FA6E6C48-10CF-4778-BE17-7D0FEC9562AB}.Release|Any CPU.ActiveCfg = Release|Any CPU
		{FA6E6C48-10CF-4778-BE17-7D0FEC9562AB}.Release|Any CPU.Build.0 = Release|Any CPU
		{D0BE430D-457B-45BF-A36F-ED67B1CAEBA4}.Debug|Any CPU.ActiveCfg = Debug|Any CPU
		{D0BE430D-457B-45BF-A36F-ED67B1CAEBA4}.Debug|Any CPU.Build.0 = Debug|Any CPU
		{D0BE430D-457B-45BF-A36F-ED67B1CAEBA4}.Release|Any CPU.ActiveCfg = Release|Any CPU
		{D0BE430D-457B-45BF-A36F-ED67B1CAEBA4}.Release|Any CPU.Build.0 = Release|Any CPU
		{12A438FA-E679-464A-AA11-812ED13F9E52}.Debug|Any CPU.ActiveCfg = Debug|Any CPU
		{12A438FA-E679-464A-AA11-812ED13F9E52}.Debug|Any CPU.Build.0 = Debug|Any CPU
		{12A438FA-E679-464A-AA11-812ED13F9E52}.Release|Any CPU.ActiveCfg = Release|Any CPU
		{12A438FA-E679-464A-AA11-812ED13F9E52}.Release|Any CPU.Build.0 = Release|Any CPU
	EndGlobalSection
	GlobalSection(SolutionProperties) = preSolution
		HideSolutionNode = FALSE
	EndGlobalSection
	GlobalSection(NestedProjects) = preSolution
		{33C4EF10-7246-45A5-854D-2908E31A49A2} = {EA3DC331-A292-4270-BD15-4D24746FC6AC}
		{2E0284EA-8479-4BA0-AD21-10D5B42FCB8D} = {0D092072-3A6E-4CD3-A69F-1C9B8BC36276}
		{CD02E952-5949-4201-96B7-B44C4ED57C2C} = {0D092072-3A6E-4CD3-A69F-1C9B8BC36276}
		{78F69D8D-C71B-433A-BF8C-C3B9B3FAF52A} = {4E5BFD29-B9D4-447D-AAF5-26DFBA97EEB7}
		{4501D6B0-62BF-4B8B-A541-A071E73B7574} = {4E5BFD29-B9D4-447D-AAF5-26DFBA97EEB7}
		{58A9E721-4F6A-4A0C-ADDE-2941FA888625} = {4E5BFD29-B9D4-447D-AAF5-26DFBA97EEB7}
		{43790BA5-FE56-45AF-BE3D-612B7BE14363} = {EA3DC331-A292-4270-BD15-4D24746FC6AC}
		{0A29685F-A759-428C-9405-30FDB2191C0E} = {BB691459-047F-48E3-86BD-D4F21E8C58D6}
		{77A3B43E-6919-432A-BF85-D5CEE8BCAE32} = {BB691459-047F-48E3-86BD-D4F21E8C58D6}
		{2AE3769D-2144-4630-8883-CA0A354D0E6D} = {BFCF3AE8-5E78-43C2-9588-51A18F363E60}
		{7E54510C-BF54-4108-B860-6FAC398D33D6} = {BFCF3AE8-5E78-43C2-9588-51A18F363E60}
		{4E5BFD29-B9D4-447D-AAF5-26DFBA97EEB7} = {EA3DC331-A292-4270-BD15-4D24746FC6AC}
		{53AC520B-2BFB-4121-A083-1FA36A8B8515} = {4E5BFD29-B9D4-447D-AAF5-26DFBA97EEB7}
		{0CB90191-2B56-4E85-A64B-45303C6671FF} = {4E5BFD29-B9D4-447D-AAF5-26DFBA97EEB7}
		{32781843-6E00-44C0-AB77-D541B4B45BAA} = {4E5BFD29-B9D4-447D-AAF5-26DFBA97EEB7}
		{656003AF-B3B5-4831-B80E-E5B3235635CA} = {BFCF3AE8-5E78-43C2-9588-51A18F363E60}
		{F33A4B10-9D5B-11EA-84BA-8DCDEAFF18D3} = {EA3DC331-A292-4270-BD15-4D24746FC6AC}
		{A97B78B5-7F24-4D16-87F2-1CB78F7F91FD} = {F33A4B10-9D5B-11EA-84BA-8DCDEAFF18D3}
		{7895C906-4D13-49AC-B915-D1126D0D297F} = {F33A4B10-9D5B-11EA-84BA-8DCDEAFF18D3}
		{E21D0910-9DD5-11EA-9FDD-1752BE8F107A} = {BFCF3AE8-5E78-43C2-9588-51A18F363E60}
		{B9FF47EA-E635-40F8-B038-A274DBD31147} = {E21D0910-9DD5-11EA-9FDD-1752BE8F107A}
		{12252B9A-62DF-4F57-B03C-8ED1CB9C3CF8} = {F33A4B10-9D5B-11EA-84BA-8DCDEAFF18D3}
		{120F108B-47DE-4359-87F1-D8FD39D25B8A} = {F33A4B10-9D5B-11EA-84BA-8DCDEAFF18D3}
		{3FAC5519-2084-459D-992D-1F1DC5C8C785} = {095D0DF2-347D-4F73-9DFD-C60F7A9A0985}
		{4BA7BF48-73B8-4010-8129-FF0025EC71D4} = {095D0DF2-347D-4F73-9DFD-C60F7A9A0985}
		{0D25E492-3D6B-4569-9512-A03233E4925F} = {EA3DC331-A292-4270-BD15-4D24746FC6AC}
		{ED934540-0BE2-485D-9341-AAA49552D171} = {BFCF3AE8-5E78-43C2-9588-51A18F363E60}
		{2D663756-58FD-46AD-A1DA-4DFFCD17DCDF} = {BFCF3AE8-5E78-43C2-9588-51A18F363E60}
		{2EA9B5F5-22A1-423D-84B6-E42F03301F44} = {2D663756-58FD-46AD-A1DA-4DFFCD17DCDF}
		{416F90AD-82E9-4DD2-BDC1-77574D6019F7} = {EA3DC331-A292-4270-BD15-4D24746FC6AC}
		{A1F61EB3-CD3E-44CB-BB6E-C297A8C7CE0E} = {416F90AD-82E9-4DD2-BDC1-77574D6019F7}
		{073CE990-2896-11EB-A478-0D7261AD93BF} = {EA3DC331-A292-4270-BD15-4D24746FC6AC}
		{C20FCC26-B073-4399-A35A-77BBB40DAD7D} = {073CE990-2896-11EB-A478-0D7261AD93BF}
		{72FBC790-3744-4BFC-9B9F-91946E77E8BC} = {BFCF3AE8-5E78-43C2-9588-51A18F363E60}
		{BB691459-047F-48E3-86BD-D4F21E8C58D6} = {EA3DC331-A292-4270-BD15-4D24746FC6AC}
		{557128CD-9954-4860-A299-45F7D4FBEA3B} = {EA3DC331-A292-4270-BD15-4D24746FC6AC}
		{00F6A8DA-EFC3-41F9-9EA3-5CC0E78F4BC4} = {557128CD-9954-4860-A299-45F7D4FBEA3B}
		{0D092072-3A6E-4CD3-A69F-1C9B8BC36276} = {EA3DC331-A292-4270-BD15-4D24746FC6AC}
		{9A67E870-527E-11EB-AF2E-8D20152C0D65} = {EA3DC331-A292-4270-BD15-4D24746FC6AC}
		{3596E96E-CEA9-4873-9F43-CACD91C8EE2A} = {9A67E870-527E-11EB-AF2E-8D20152C0D65}
		{3F3962DC-ACD6-486E-BFF0-A345FCBEC78B} = {BFCF3AE8-5E78-43C2-9588-51A18F363E60}
		{095D0DF2-347D-4F73-9DFD-C60F7A9A0985} = {BFCF3AE8-5E78-43C2-9588-51A18F363E60}
		{E311297F-05B6-4040-9003-3DF9F0F9E18E} = {3F3962DC-ACD6-486E-BFF0-A345FCBEC78B}
		{0FA62A6C-52AA-43E2-87A3-4C9390543F22} = {9A67E870-527E-11EB-AF2E-8D20152C0D65}
		{FA6E6C48-10CF-4778-BE17-7D0FEC9562AB} = {3F3962DC-ACD6-486E-BFF0-A345FCBEC78B}
		{D0BE430D-457B-45BF-A36F-ED67B1CAEBA4} = {9A67E870-527E-11EB-AF2E-8D20152C0D65}
		{12A438FA-E679-464A-AA11-812ED13F9E52} = {BB691459-047F-48E3-86BD-D4F21E8C58D6}
	EndGlobalSection
	GlobalSection(ExtensibilityGlobals) = postSolution
		SolutionGuid = {9C196457-3BCC-4C84-9F50-2857429B7BD4}
	EndGlobalSection
EndGlobal
