
Microsoft Visual Studio Solution File, Format Version 12.00
# Visual Studio Version 16
VisualStudioVersion = 16.0.29424.173
MinimumVisualStudioVersion = 10.0.40219.1
Project("{9A19103F-16F7-4668-BE54-9A1E7A4F7556}") = "YS.System.Base", "YS.System.Base\YS.System.Base.csproj", "{86E7A08D-6345-4197-BFEF-774A8FF0E30F}"
EndProject
Project("{9A19103F-16F7-4668-BE54-9A1E7A4F7556}") = "YS.System.Json", "YS.System.Json\YS.System.Json.csproj", "{D2466910-A70B-46AB-8921-888D17720DC0}"
EndProject
Project("{9A19103F-16F7-4668-BE54-9A1E7A4F7556}") = "YS.System.Data", "YS.System.Data\YS.System.Data.csproj", "{1F1098F2-CA2B-4AC5-AE24-27CCB74E95C5}"
EndProject
Project("{9A19103F-16F7-4668-BE54-9A1E7A4F7556}") = "YS.DependencyInjection.Base", "YS.DependencyInjection.Base\YS.DependencyInjection.Base.csproj", "{33C4EF10-7246-45A5-854D-2908E31A49A2}"
EndProject
Project("{9A19103F-16F7-4668-BE54-9A1E7A4F7556}") = "YS.Extentions.Configuration", "YS.Extentions.Configuration\YS.Extentions.Configuration.csproj", "{D7672C69-3536-4098-B387-4C6316DF319A}"
EndProject
Project("{9A19103F-16F7-4668-BE54-9A1E7A4F7556}") = "YS.Extentions.EntityFrameworkCore", "YS.Extentions.EntityFrameworkCore\YS.Extentions.EntityFrameworkCore.csproj", "{F2BE0DA6-D759-4291-8C6A-3F77520AED72}"
EndProject
Project("{9A19103F-16F7-4668-BE54-9A1E7A4F7556}") = "YS.System.AspnetCore.Mvc", "YS.System.AspnetCore.Mvc\YS.System.AspnetCore.Mvc.csproj", "{1F83F487-7C92-4D86-82C0-0B76269A6B83}"
EndProject
Project("{2150E333-8FDC-42A3-9474-1A3956D46DE8}") = "Knife", "Knife", "{B52FF422-75FA-494F-8348-6C511196BC7E}"
EndProject
Project("{9A19103F-16F7-4668-BE54-9A1E7A4F7556}") = "YS.Knife.Base", "YS.Knife.Base\YS.Knife.Base.csproj", "{44583D76-9475-4034-8BBE-862AF2F1E57D}"
EndProject
Project("{9A19103F-16F7-4668-BE54-9A1E7A4F7556}") = "YS.Knife.Api", "YS.Knife.Api\YS.Knife.Api.csproj", "{AAE8ECD1-C933-4577-BC6F-C89EAD4FAD1F}"
EndProject
Project("{2150E333-8FDC-42A3-9474-1A3956D46DE8}") = "Core", "Core", "{868067E6-126E-4760-A307-ADA8661BE1D4}"
EndProject
Project("{9A19103F-16F7-4668-BE54-9A1E7A4F7556}") = "YS.Knife.Hosting", "YS.Knife.Hosting\YS.Knife.Hosting.csproj", "{2E0284EA-8479-4BA0-AD21-10D5B42FCB8D}"
EndProject
Project("{9A19103F-16F7-4668-BE54-9A1E7A4F7556}") = "YS.Knife.WebHosting", "YS.Knife.WebHosting\YS.Knife.WebHosting.csproj", "{CD02E952-5949-4201-96B7-B44C4ED57C2C}"
EndProject
Project("{9A19103F-16F7-4668-BE54-9A1E7A4F7556}") = "YS.Knife.Hosting.MSTest", "YS.Knife.Hosting.MSTest\YS.Knife.Hosting.MSTest.csproj", "{740C8D94-28A4-42F0-A011-3C2CEDA8CE5E}"
EndProject
Project("{2150E333-8FDC-42A3-9474-1A3956D46DE8}") = "EfCore", "EfCore", "{9B689F5B-DC6A-4911-A8EF-3751505108B3}"
EndProject
Project("{9A19103F-16F7-4668-BE54-9A1E7A4F7556}") = "YS.EntityFrameworkCore.SqlServer", "YS.EntityFrameworkCore.SqlServer\YS.EntityFrameworkCore.SqlServer.csproj", "{78F69D8D-C71B-433A-BF8C-C3B9B3FAF52A}"
EndProject
Project("{9A19103F-16F7-4668-BE54-9A1E7A4F7556}") = "YS.Extentions.HostedService", "YS.Extentions.HostedService\YS.Extentions.HostedService.csproj", "{1B91F7E2-647D-495E-86BD-35D2AE4DE21B}"
EndProject
Project("{FAE04EC0-301F-11D3-BF4B-00C04F79EFBC}") = "YS.EntityframeworkCore.MSTest", "YS.EntityframeworkCore.MSTest\YS.EntityframeworkCore.MSTest.csproj", "{3C2DAD05-CD11-404A-A172-EDC54C2196AB}"
EndProject
Global
	GlobalSection(SolutionConfigurationPlatforms) = preSolution
		Debug|Any CPU = Debug|Any CPU
		Release|Any CPU = Release|Any CPU
	EndGlobalSection
	GlobalSection(ProjectConfigurationPlatforms) = postSolution
		{86E7A08D-6345-4197-BFEF-774A8FF0E30F}.Debug|Any CPU.ActiveCfg = Debug|Any CPU
		{86E7A08D-6345-4197-BFEF-774A8FF0E30F}.Debug|Any CPU.Build.0 = Debug|Any CPU
		{86E7A08D-6345-4197-BFEF-774A8FF0E30F}.Release|Any CPU.ActiveCfg = Release|Any CPU
		{86E7A08D-6345-4197-BFEF-774A8FF0E30F}.Release|Any CPU.Build.0 = Release|Any CPU
		{D2466910-A70B-46AB-8921-888D17720DC0}.Debug|Any CPU.ActiveCfg = Debug|Any CPU
		{D2466910-A70B-46AB-8921-888D17720DC0}.Debug|Any CPU.Build.0 = Debug|Any CPU
		{D2466910-A70B-46AB-8921-888D17720DC0}.Release|Any CPU.ActiveCfg = Release|Any CPU
		{D2466910-A70B-46AB-8921-888D17720DC0}.Release|Any CPU.Build.0 = Release|Any CPU
		{1F1098F2-CA2B-4AC5-AE24-27CCB74E95C5}.Debug|Any CPU.ActiveCfg = Debug|Any CPU
		{1F1098F2-CA2B-4AC5-AE24-27CCB74E95C5}.Debug|Any CPU.Build.0 = Debug|Any CPU
		{1F1098F2-CA2B-4AC5-AE24-27CCB74E95C5}.Release|Any CPU.ActiveCfg = Release|Any CPU
		{1F1098F2-CA2B-4AC5-AE24-27CCB74E95C5}.Release|Any CPU.Build.0 = Release|Any CPU
		{33C4EF10-7246-45A5-854D-2908E31A49A2}.Debug|Any CPU.ActiveCfg = Debug|Any CPU
		{33C4EF10-7246-45A5-854D-2908E31A49A2}.Debug|Any CPU.Build.0 = Debug|Any CPU
		{33C4EF10-7246-45A5-854D-2908E31A49A2}.Release|Any CPU.ActiveCfg = Release|Any CPU
		{33C4EF10-7246-45A5-854D-2908E31A49A2}.Release|Any CPU.Build.0 = Release|Any CPU
		{D7672C69-3536-4098-B387-4C6316DF319A}.Debug|Any CPU.ActiveCfg = Debug|Any CPU
		{D7672C69-3536-4098-B387-4C6316DF319A}.Debug|Any CPU.Build.0 = Debug|Any CPU
		{D7672C69-3536-4098-B387-4C6316DF319A}.Release|Any CPU.ActiveCfg = Release|Any CPU
		{D7672C69-3536-4098-B387-4C6316DF319A}.Release|Any CPU.Build.0 = Release|Any CPU
		{F2BE0DA6-D759-4291-8C6A-3F77520AED72}.Debug|Any CPU.ActiveCfg = Debug|Any CPU
		{F2BE0DA6-D759-4291-8C6A-3F77520AED72}.Debug|Any CPU.Build.0 = Debug|Any CPU
		{F2BE0DA6-D759-4291-8C6A-3F77520AED72}.Release|Any CPU.ActiveCfg = Release|Any CPU
		{F2BE0DA6-D759-4291-8C6A-3F77520AED72}.Release|Any CPU.Build.0 = Release|Any CPU
		{1F83F487-7C92-4D86-82C0-0B76269A6B83}.Debug|Any CPU.ActiveCfg = Debug|Any CPU
		{1F83F487-7C92-4D86-82C0-0B76269A6B83}.Debug|Any CPU.Build.0 = Debug|Any CPU
		{1F83F487-7C92-4D86-82C0-0B76269A6B83}.Release|Any CPU.ActiveCfg = Release|Any CPU
		{1F83F487-7C92-4D86-82C0-0B76269A6B83}.Release|Any CPU.Build.0 = Release|Any CPU
		{44583D76-9475-4034-8BBE-862AF2F1E57D}.Debug|Any CPU.ActiveCfg = Debug|Any CPU
		{44583D76-9475-4034-8BBE-862AF2F1E57D}.Debug|Any CPU.Build.0 = Debug|Any CPU
		{44583D76-9475-4034-8BBE-862AF2F1E57D}.Release|Any CPU.ActiveCfg = Release|Any CPU
		{44583D76-9475-4034-8BBE-862AF2F1E57D}.Release|Any CPU.Build.0 = Release|Any CPU
		{AAE8ECD1-C933-4577-BC6F-C89EAD4FAD1F}.Debug|Any CPU.ActiveCfg = Debug|Any CPU
		{AAE8ECD1-C933-4577-BC6F-C89EAD4FAD1F}.Debug|Any CPU.Build.0 = Debug|Any CPU
		{AAE8ECD1-C933-4577-BC6F-C89EAD4FAD1F}.Release|Any CPU.ActiveCfg = Release|Any CPU
		{AAE8ECD1-C933-4577-BC6F-C89EAD4FAD1F}.Release|Any CPU.Build.0 = Release|Any CPU
		{2E0284EA-8479-4BA0-AD21-10D5B42FCB8D}.Debug|Any CPU.ActiveCfg = Debug|Any CPU
		{2E0284EA-8479-4BA0-AD21-10D5B42FCB8D}.Debug|Any CPU.Build.0 = Debug|Any CPU
		{2E0284EA-8479-4BA0-AD21-10D5B42FCB8D}.Release|Any CPU.ActiveCfg = Release|Any CPU
		{2E0284EA-8479-4BA0-AD21-10D5B42FCB8D}.Release|Any CPU.Build.0 = Release|Any CPU
		{CD02E952-5949-4201-96B7-B44C4ED57C2C}.Debug|Any CPU.ActiveCfg = Debug|Any CPU
		{CD02E952-5949-4201-96B7-B44C4ED57C2C}.Debug|Any CPU.Build.0 = Debug|Any CPU
		{CD02E952-5949-4201-96B7-B44C4ED57C2C}.Release|Any CPU.ActiveCfg = Release|Any CPU
		{CD02E952-5949-4201-96B7-B44C4ED57C2C}.Release|Any CPU.Build.0 = Release|Any CPU
		{740C8D94-28A4-42F0-A011-3C2CEDA8CE5E}.Debug|Any CPU.ActiveCfg = Debug|Any CPU
		{740C8D94-28A4-42F0-A011-3C2CEDA8CE5E}.Debug|Any CPU.Build.0 = Debug|Any CPU
		{740C8D94-28A4-42F0-A011-3C2CEDA8CE5E}.Release|Any CPU.ActiveCfg = Release|Any CPU
		{740C8D94-28A4-42F0-A011-3C2CEDA8CE5E}.Release|Any CPU.Build.0 = Release|Any CPU
		{78F69D8D-C71B-433A-BF8C-C3B9B3FAF52A}.Debug|Any CPU.ActiveCfg = Debug|Any CPU
		{78F69D8D-C71B-433A-BF8C-C3B9B3FAF52A}.Debug|Any CPU.Build.0 = Debug|Any CPU
		{78F69D8D-C71B-433A-BF8C-C3B9B3FAF52A}.Release|Any CPU.ActiveCfg = Release|Any CPU
		{78F69D8D-C71B-433A-BF8C-C3B9B3FAF52A}.Release|Any CPU.Build.0 = Release|Any CPU
		{1B91F7E2-647D-495E-86BD-35D2AE4DE21B}.Debug|Any CPU.ActiveCfg = Debug|Any CPU
		{1B91F7E2-647D-495E-86BD-35D2AE4DE21B}.Debug|Any CPU.Build.0 = Debug|Any CPU
		{1B91F7E2-647D-495E-86BD-35D2AE4DE21B}.Release|Any CPU.ActiveCfg = Release|Any CPU
		{1B91F7E2-647D-495E-86BD-35D2AE4DE21B}.Release|Any CPU.Build.0 = Release|Any CPU
		{3C2DAD05-CD11-404A-A172-EDC54C2196AB}.Debug|Any CPU.ActiveCfg = Debug|Any CPU
		{3C2DAD05-CD11-404A-A172-EDC54C2196AB}.Debug|Any CPU.Build.0 = Debug|Any CPU
		{3C2DAD05-CD11-404A-A172-EDC54C2196AB}.Release|Any CPU.ActiveCfg = Release|Any CPU
		{3C2DAD05-CD11-404A-A172-EDC54C2196AB}.Release|Any CPU.Build.0 = Release|Any CPU
	EndGlobalSection
	GlobalSection(SolutionProperties) = preSolution
		HideSolutionNode = FALSE
	EndGlobalSection
	GlobalSection(NestedProjects) = preSolution
		{86E7A08D-6345-4197-BFEF-774A8FF0E30F} = {868067E6-126E-4760-A307-ADA8661BE1D4}
		{D2466910-A70B-46AB-8921-888D17720DC0} = {868067E6-126E-4760-A307-ADA8661BE1D4}
		{1F1098F2-CA2B-4AC5-AE24-27CCB74E95C5} = {868067E6-126E-4760-A307-ADA8661BE1D4}
		{44583D76-9475-4034-8BBE-862AF2F1E57D} = {B52FF422-75FA-494F-8348-6C511196BC7E}
		{AAE8ECD1-C933-4577-BC6F-C89EAD4FAD1F} = {B52FF422-75FA-494F-8348-6C511196BC7E}
		{2E0284EA-8479-4BA0-AD21-10D5B42FCB8D} = {B52FF422-75FA-494F-8348-6C511196BC7E}
		{CD02E952-5949-4201-96B7-B44C4ED57C2C} = {B52FF422-75FA-494F-8348-6C511196BC7E}
		{740C8D94-28A4-42F0-A011-3C2CEDA8CE5E} = {B52FF422-75FA-494F-8348-6C511196BC7E}
		{78F69D8D-C71B-433A-BF8C-C3B9B3FAF52A} = {9B689F5B-DC6A-4911-A8EF-3751505108B3}
		{3C2DAD05-CD11-404A-A172-EDC54C2196AB} = {9B689F5B-DC6A-4911-A8EF-3751505108B3}
	EndGlobalSection
	GlobalSection(ExtensibilityGlobals) = postSolution
		SolutionGuid = {9C196457-3BCC-4C84-9F50-2857429B7BD4}
	EndGlobalSection
EndGlobal
