
Microsoft Visual Studio Solution File, Format Version 12.00
# Visual Studio Version 16
VisualStudioVersion = 16.0.29424.173
MinimumVisualStudioVersion = 10.0.40219.1
Project("{9A19103F-16F7-4668-BE54-9A1E7A4F7556}") = "SwaggerDemo.Core", "SwaggerDemo.Core\SwaggerDemo.Core.csproj", "{1E2AFC54-0CEA-4DA0-A094-A918DB16F8A9}"
EndProject
Project("{9A19103F-16F7-4668-BE54-9A1E7A4F7556}") = "SwaggerDemo.Api", "SwaggerDemo.Api\SwaggerDemo.Api.csproj", "{4F03D70D-F06D-41FF-B569-C2919DF17C3F}"
EndProject
Project("{9A19103F-16F7-4668-BE54-9A1E7A4F7556}") = "SwaggerDemo.Impl", "SwaggerDemo.Impl\SwaggerDemo.Impl.csproj", "{93094F9D-BC01-49EC-8B83-0E6E43BBE2ED}"
EndProject
Project("{9A19103F-16F7-4668-BE54-9A1E7A4F7556}") = "SwaggerDemo.App", "SwaggerDemo.App\SwaggerDemo.App.csproj", "{692B99C5-08D9-420C-8263-9D73CF07DF20}"
EndProject
Project("{9A19103F-16F7-4668-BE54-9A1E7A4F7556}") = "YS.Knife.Rest.Api", "..\..\src\YS.Knife.Rest.Api\YS.Knife.Rest.Api.csproj", "{1C6A4E55-769C-4E0E-AF10-80E7AE74F0AE}"
EndProject
Project("{9A19103F-16F7-4668-BE54-9A1E7A4F7556}") = "YS.Knife.Core", "..\..\src\YS.Knife.Core\YS.Knife.Core.csproj", "{35EA7F7F-FECE-48B0-9F3D-1C24CE6CC0C5}"
EndProject
Project("{9A19103F-16F7-4668-BE54-9A1E7A4F7556}") = "YS.Knife.Hosting.Web", "..\..\src\YS.Knife.Hosting.Web\YS.Knife.Hosting.Web.csproj", "{7D0384BA-BF19-4DBA-B0B4-5C10FE79ECDC}"
EndProject
Global
	GlobalSection(SolutionConfigurationPlatforms) = preSolution
		Debug|Any CPU = Debug|Any CPU
		Release|Any CPU = Release|Any CPU
	EndGlobalSection
	GlobalSection(ProjectConfigurationPlatforms) = postSolution
		{1E2AFC54-0CEA-4DA0-A094-A918DB16F8A9}.Debug|Any CPU.ActiveCfg = Debug|Any CPU
		{1E2AFC54-0CEA-4DA0-A094-A918DB16F8A9}.Debug|Any CPU.Build.0 = Debug|Any CPU
		{1E2AFC54-0CEA-4DA0-A094-A918DB16F8A9}.Release|Any CPU.ActiveCfg = Release|Any CPU
		{1E2AFC54-0CEA-4DA0-A094-A918DB16F8A9}.Release|Any CPU.Build.0 = Release|Any CPU
		{4F03D70D-F06D-41FF-B569-C2919DF17C3F}.Debug|Any CPU.ActiveCfg = Debug|Any CPU
		{4F03D70D-F06D-41FF-B569-C2919DF17C3F}.Debug|Any CPU.Build.0 = Debug|Any CPU
		{4F03D70D-F06D-41FF-B569-C2919DF17C3F}.Release|Any CPU.ActiveCfg = Release|Any CPU
		{4F03D70D-F06D-41FF-B569-C2919DF17C3F}.Release|Any CPU.Build.0 = Release|Any CPU
		{93094F9D-BC01-49EC-8B83-0E6E43BBE2ED}.Debug|Any CPU.ActiveCfg = Debug|Any CPU
		{93094F9D-BC01-49EC-8B83-0E6E43BBE2ED}.Debug|Any CPU.Build.0 = Debug|Any CPU
		{93094F9D-BC01-49EC-8B83-0E6E43BBE2ED}.Release|Any CPU.ActiveCfg = Release|Any CPU
		{93094F9D-BC01-49EC-8B83-0E6E43BBE2ED}.Release|Any CPU.Build.0 = Release|Any CPU
		{692B99C5-08D9-420C-8263-9D73CF07DF20}.Debug|Any CPU.ActiveCfg = Debug|Any CPU
		{692B99C5-08D9-420C-8263-9D73CF07DF20}.Debug|Any CPU.Build.0 = Debug|Any CPU
		{692B99C5-08D9-420C-8263-9D73CF07DF20}.Release|Any CPU.ActiveCfg = Release|Any CPU
		{692B99C5-08D9-420C-8263-9D73CF07DF20}.Release|Any CPU.Build.0 = Release|Any CPU
		{1C6A4E55-769C-4E0E-AF10-80E7AE74F0AE}.Debug|Any CPU.ActiveCfg = Debug|Any CPU
		{1C6A4E55-769C-4E0E-AF10-80E7AE74F0AE}.Debug|Any CPU.Build.0 = Debug|Any CPU
		{1C6A4E55-769C-4E0E-AF10-80E7AE74F0AE}.Release|Any CPU.ActiveCfg = Release|Any CPU
		{1C6A4E55-769C-4E0E-AF10-80E7AE74F0AE}.Release|Any CPU.Build.0 = Release|Any CPU
		{35EA7F7F-FECE-48B0-9F3D-1C24CE6CC0C5}.Debug|Any CPU.ActiveCfg = Debug|Any CPU
		{35EA7F7F-FECE-48B0-9F3D-1C24CE6CC0C5}.Debug|Any CPU.Build.0 = Debug|Any CPU
		{35EA7F7F-FECE-48B0-9F3D-1C24CE6CC0C5}.Release|Any CPU.ActiveCfg = Release|Any CPU
		{35EA7F7F-FECE-48B0-9F3D-1C24CE6CC0C5}.Release|Any CPU.Build.0 = Release|Any CPU
		{7D0384BA-BF19-4DBA-B0B4-5C10FE79ECDC}.Debug|Any CPU.ActiveCfg = Debug|Any CPU
		{7D0384BA-BF19-4DBA-B0B4-5C10FE79ECDC}.Debug|Any CPU.Build.0 = Debug|Any CPU
		{7D0384BA-BF19-4DBA-B0B4-5C10FE79ECDC}.Release|Any CPU.ActiveCfg = Release|Any CPU
		{7D0384BA-BF19-4DBA-B0B4-5C10FE79ECDC}.Release|Any CPU.Build.0 = Release|Any CPU
	EndGlobalSection
	GlobalSection(SolutionProperties) = preSolution
		HideSolutionNode = FALSE
	EndGlobalSection
	GlobalSection(ExtensibilityGlobals) = postSolution
		SolutionGuid = {DB11BB21-3F5D-42D6-8737-F19C0666F1F8}
	EndGlobalSection
EndGlobal
